// !$*UTF8*$!
{
	archiveVersion = 1;
	classes = {
	};
	objectVersion = 46;
	objects = {

/* Begin PBXBuildFile section */
		658FCF811612F57900D2B9D7 /* UIKit.framework in Frameworks */ = {isa = PBXBuildFile; fileRef = 658FCF801612F57900D2B9D7 /* UIKit.framework */; };
		658FCF831612F57900D2B9D7 /* Foundation.framework in Frameworks */ = {isa = PBXBuildFile; fileRef = 658FCF821612F57900D2B9D7 /* Foundation.framework */; };
		658FCF851612F57900D2B9D7 /* CoreGraphics.framework in Frameworks */ = {isa = PBXBuildFile; fileRef = 658FCF841612F57900D2B9D7 /* CoreGraphics.framework */; };
		658FCF8B1612F57900D2B9D7 /* InfoPlist.strings in Resources */ = {isa = PBXBuildFile; fileRef = 658FCF891612F57900D2B9D7 /* InfoPlist.strings */; };
		658FCF8D1612F57900D2B9D7 /* main.m in Sources */ = {isa = PBXBuildFile; fileRef = 658FCF8C1612F57900D2B9D7 /* main.m */; };
		658FCF911612F57900D2B9D7 /* AppDelegate.m in Sources */ = {isa = PBXBuildFile; fileRef = 658FCF901612F57900D2B9D7 /* AppDelegate.m */; };
		658FCF931612F57900D2B9D7 /* Default.png in Resources */ = {isa = PBXBuildFile; fileRef = 658FCF921612F57900D2B9D7 /* Default.png */; };
		658FCF951612F57900D2B9D7 /* Default@2x.png in Resources */ = {isa = PBXBuildFile; fileRef = 658FCF941612F57900D2B9D7 /* Default@2x.png */; };
		658FCF971612F57900D2B9D7 /* Default-568h@2x.png in Resources */ = {isa = PBXBuildFile; fileRef = 658FCF961612F57900D2B9D7 /* Default-568h@2x.png */; };
		658FCF9A1612F57900D2B9D7 /* ViewController.m in Sources */ = {isa = PBXBuildFile; fileRef = 658FCF991612F57900D2B9D7 /* ViewController.m */; };
		658FCF9D1612F57900D2B9D7 /* ViewController_iPhone.xib in Resources */ = {isa = PBXBuildFile; fileRef = 658FCF9B1612F57900D2B9D7 /* ViewController_iPhone.xib */; };
		658FCFA01612F57900D2B9D7 /* ViewController_iPad.xib in Resources */ = {isa = PBXBuildFile; fileRef = 658FCF9E1612F57900D2B9D7 /* ViewController_iPad.xib */; };
		658FCFB21612FD6C00D2B9D7 /* RouteDirectionsObject.m in Sources */ = {isa = PBXBuildFile; fileRef = 658FCFB11612FD6C00D2B9D7 /* RouteDirectionsObject.m */; };
		658FCFC8161304D000D2B9D7 /* MapKit.framework in Frameworks */ = {isa = PBXBuildFile; fileRef = 658FCFC7161304D000D2B9D7 /* MapKit.framework */; };
		658FCFCA161304D900D2B9D7 /* CoreLocation.framework in Frameworks */ = {isa = PBXBuildFile; fileRef = 658FCFC9161304D900D2B9D7 /* CoreLocation.framework */; };
/* End PBXBuildFile section */

/* Begin PBXFileReference section */
		658FCF7C1612F57900D2B9D7 /* TestOverlayOnMap.app */ = {isa = PBXFileReference; explicitFileType = wrapper.application; includeInIndex = 0; path = TestOverlayOnMap.app; sourceTree = BUILT_PRODUCTS_DIR; };
		658FCF801612F57900D2B9D7 /* UIKit.framework */ = {isa = PBXFileReference; lastKnownFileType = wrapper.framework; name = UIKit.framework; path = System/Library/Frameworks/UIKit.framework; sourceTree = SDKROOT; };
		658FCF821612F57900D2B9D7 /* Foundation.framework */ = {isa = PBXFileReference; lastKnownFileType = wrapper.framework; name = Foundation.framework; path = System/Library/Frameworks/Foundation.framework; sourceTree = SDKROOT; };
		658FCF841612F57900D2B9D7 /* CoreGraphics.framework */ = {isa = PBXFileReference; lastKnownFileType = wrapper.framework; name = CoreGraphics.framework; path = System/Library/Frameworks/CoreGraphics.framework; sourceTree = SDKROOT; };
		658FCF881612F57900D2B9D7 /* TestOverlayOnMap-Info.plist */ = {isa = PBXFileReference; lastKnownFileType = text.plist.xml; path = "TestOverlayOnMap-Info.plist"; sourceTree = "<group>"; };
		658FCF8A1612F57900D2B9D7 /* en */ = {isa = PBXFileReference; lastKnownFileType = text.plist.strings; name = en; path = en.lproj/InfoPlist.strings; sourceTree = "<group>"; };
		658FCF8C1612F57900D2B9D7 /* main.m */ = {isa = PBXFileReference; lastKnownFileType = sourcecode.c.objc; path = main.m; sourceTree = "<group>"; };
		658FCF8E1612F57900D2B9D7 /* TestOverlayOnMap-Prefix.pch */ = {isa = PBXFileReference; lastKnownFileType = sourcecode.c.h; path = "TestOverlayOnMap-Prefix.pch"; sourceTree = "<group>"; };
		658FCF8F1612F57900D2B9D7 /* AppDelegate.h */ = {isa = PBXFileReference; lastKnownFileType = sourcecode.c.h; path = AppDelegate.h; sourceTree = "<group>"; };
		658FCF901612F57900D2B9D7 /* AppDelegate.m */ = {isa = PBXFileReference; lastKnownFileType = sourcecode.c.objc; path = AppDelegate.m; sourceTree = "<group>"; };
		658FCF921612F57900D2B9D7 /* Default.png */ = {isa = PBXFileReference; lastKnownFileType = image.png; path = Default.png; sourceTree = "<group>"; };
		658FCF941612F57900D2B9D7 /* Default@2x.png */ = {isa = PBXFileReference; lastKnownFileType = image.png; path = "Default@2x.png"; sourceTree = "<group>"; };
		658FCF961612F57900D2B9D7 /* Default-568h@2x.png */ = {isa = PBXFileReference; lastKnownFileType = image.png; path = "Default-568h@2x.png"; sourceTree = "<group>"; };
		658FCF981612F57900D2B9D7 /* ViewController.h */ = {isa = PBXFileReference; lastKnownFileType = sourcecode.c.h; path = ViewController.h; sourceTree = "<group>"; };
		658FCF991612F57900D2B9D7 /* ViewController.m */ = {isa = PBXFileReference; lastKnownFileType = sourcecode.c.objc; path = ViewController.m; sourceTree = "<group>"; };
		658FCF9C1612F57900D2B9D7 /* en */ = {isa = PBXFileReference; lastKnownFileType = file.xib; name = en; path = en.lproj/ViewController_iPhone.xib; sourceTree = "<group>"; };
		658FCF9F1612F57900D2B9D7 /* en */ = {isa = PBXFileReference; lastKnownFileType = file.xib; name = en; path = en.lproj/ViewController_iPad.xib; sourceTree = "<group>"; };
		658FCFB01612FD6C00D2B9D7 /* RouteDirectionsObject.h */ = {isa = PBXFileReference; fileEncoding = 4; lastKnownFileType = sourcecode.c.h; path = RouteDirectionsObject.h; sourceTree = "<group>"; };
		658FCFB11612FD6C00D2B9D7 /* RouteDirectionsObject.m */ = {isa = PBXFileReference; fileEncoding = 4; lastKnownFileType = sourcecode.c.objc; path = RouteDirectionsObject.m; sourceTree = "<group>"; };
		658FCFC7161304D000D2B9D7 /* MapKit.framework */ = {isa = PBXFileReference; lastKnownFileType = wrapper.framework; name = MapKit.framework; path = System/Library/Frameworks/MapKit.framework; sourceTree = SDKROOT; };
		658FCFC9161304D900D2B9D7 /* CoreLocation.framework */ = {isa = PBXFileReference; lastKnownFileType = wrapper.framework; name = CoreLocation.framework; path = System/Library/Frameworks/CoreLocation.framework; sourceTree = SDKROOT; };
/* End PBXFileReference section */

/* Begin PBXFrameworksBuildPhase section */
		658FCF791612F57900D2B9D7 /* Frameworks */ = {
			isa = PBXFrameworksBuildPhase;
			buildActionMask = 2147483647;
			files = (
				658FCFCA161304D900D2B9D7 /* CoreLocation.framework in Frameworks */,
				658FCFC8161304D000D2B9D7 /* MapKit.framework in Frameworks */,
				658FCF811612F57900D2B9D7 /* UIKit.framework in Frameworks */,
				658FCF831612F57900D2B9D7 /* Foundation.framework in Frameworks */,
				658FCF851612F57900D2B9D7 /* CoreGraphics.framework in Frameworks */,
			);
			runOnlyForDeploymentPostprocessing = 0;
		};
/* End PBXFrameworksBuildPhase section */

/* Begin PBXGroup section */
		658FCF711612F57800D2B9D7 = {
			isa = PBXGroup;
			children = (
				658FCFC9161304D900D2B9D7 /* CoreLocation.framework */,
				658FCFC7161304D000D2B9D7 /* MapKit.framework */,
				658FCF861612F57900D2B9D7 /* TestOverlayOnMap */,
				658FCF7F1612F57900D2B9D7 /* Frameworks */,
				658FCF7D1612F57900D2B9D7 /* Products */,
			);
			sourceTree = "<group>";
		};
		658FCF7D1612F57900D2B9D7 /* Products */ = {
			isa = PBXGroup;
			children = (
				658FCF7C1612F57900D2B9D7 /* TestOverlayOnMap.app */,
			);
			name = Products;
			sourceTree = "<group>";
		};
		658FCF7F1612F57900D2B9D7 /* Frameworks */ = {
			isa = PBXGroup;
			children = (
				658FCF801612F57900D2B9D7 /* UIKit.framework */,
				658FCF821612F57900D2B9D7 /* Foundation.framework */,
				658FCF841612F57900D2B9D7 /* CoreGraphics.framework */,
			);
			name = Frameworks;
			sourceTree = "<group>";
		};
		658FCF861612F57900D2B9D7 /* TestOverlayOnMap */ = {
			isa = PBXGroup;
			children = (
				658FCF8F1612F57900D2B9D7 /* AppDelegate.h */,
				658FCF901612F57900D2B9D7 /* AppDelegate.m */,
				658FCF981612F57900D2B9D7 /* ViewController.h */,
				658FCF991612F57900D2B9D7 /* ViewController.m */,
				658FCF9B1612F57900D2B9D7 /* ViewController_iPhone.xib */,
				658FCF9E1612F57900D2B9D7 /* ViewController_iPad.xib */,
				658FCF871612F57900D2B9D7 /* Supporting Files */,
				658FCFB01612FD6C00D2B9D7 /* RouteDirectionsObject.h */,
				658FCFB11612FD6C00D2B9D7 /* RouteDirectionsObject.m */,
			);
			path = TestOverlayOnMap;
			sourceTree = "<group>";
		};
		658FCF871612F57900D2B9D7 /* Supporting Files */ = {
			isa = PBXGroup;
			children = (
				658FCF881612F57900D2B9D7 /* TestOverlayOnMap-Info.plist */,
				658FCF891612F57900D2B9D7 /* InfoPlist.strings */,
				658FCF8C1612F57900D2B9D7 /* main.m */,
				658FCF8E1612F57900D2B9D7 /* TestOverlayOnMap-Prefix.pch */,
				658FCF921612F57900D2B9D7 /* Default.png */,
				658FCF941612F57900D2B9D7 /* Default@2x.png */,
				658FCF961612F57900D2B9D7 /* Default-568h@2x.png */,
			);
			name = "Supporting Files";
			sourceTree = "<group>";
		};
/* End PBXGroup section */

/* Begin PBXNativeTarget section */
		658FCF7B1612F57900D2B9D7 /* TestOverlayOnMap */ = {
			isa = PBXNativeTarget;
			buildConfigurationList = 658FCFA31612F57900D2B9D7 /* Build configuration list for PBXNativeTarget "TestOverlayOnMap" */;
			buildPhases = (
				658FCF781612F57900D2B9D7 /* Sources */,
				658FCF791612F57900D2B9D7 /* Frameworks */,
				658FCF7A1612F57900D2B9D7 /* Resources */,
			);
			buildRules = (
			);
			dependencies = (
			);
			name = TestOverlayOnMap;
			productName = TestOverlayOnMap;
			productReference = 658FCF7C1612F57900D2B9D7 /* TestOverlayOnMap.app */;
			productType = "com.apple.product-type.application";
		};
/* End PBXNativeTarget section */

/* Begin PBXProject section */
		658FCF731612F57800D2B9D7 /* Project object */ = {
			isa = PBXProject;
			attributes = {
				LastUpgradeCheck = 0450;
				ORGANIZATIONNAME = "Andrea Finollo";
			};
			buildConfigurationList = 658FCF761612F57800D2B9D7 /* Build configuration list for PBXProject "TestOverlayOnMap" */;
			compatibilityVersion = "Xcode 3.2";
			developmentRegion = English;
			hasScannedForEncodings = 0;
			knownRegions = (
				en,
			);
			mainGroup = 658FCF711612F57800D2B9D7;
			productRefGroup = 658FCF7D1612F57900D2B9D7 /* Products */;
			projectDirPath = "";
			projectRoot = "";
			targets = (
				658FCF7B1612F57900D2B9D7 /* TestOverlayOnMap */,
			);
		};
/* End PBXProject section */

/* Begin PBXResourcesBuildPhase section */
		658FCF7A1612F57900D2B9D7 /* Resources */ = {
			isa = PBXResourcesBuildPhase;
			buildActionMask = 2147483647;
			files = (
				658FCF8B1612F57900D2B9D7 /* InfoPlist.strings in Resources */,
				658FCF931612F57900D2B9D7 /* Default.png in Resources */,
				658FCF951612F57900D2B9D7 /* Default@2x.png in Resources */,
				658FCF971612F57900D2B9D7 /* Default-568h@2x.png in Resources */,
				658FCF9D1612F57900D2B9D7 /* ViewController_iPhone.xib in Resources */,
				658FCFA01612F57900D2B9D7 /* ViewController_iPad.xib in Resources */,
			);
			runOnlyForDeploymentPostprocessing = 0;
		};
/* End PBXResourcesBuildPhase section */

/* Begin PBXSourcesBuildPhase section */
		658FCF781612F57900D2B9D7 /* Sources */ = {
			isa = PBXSourcesBuildPhase;
			buildActionMask = 2147483647;
			files = (
				658FCF8D1612F57900D2B9D7 /* main.m in Sources */,
				658FCF911612F57900D2B9D7 /* AppDelegate.m in Sources */,
				658FCF9A1612F57900D2B9D7 /* ViewController.m in Sources */,
				658FCFB21612FD6C00D2B9D7 /* RouteDirectionsObject.m in Sources */,
			);
			runOnlyForDeploymentPostprocessing = 0;
		};
/* End PBXSourcesBuildPhase section */

/* Begin PBXVariantGroup section */
		658FCF891612F57900D2B9D7 /* InfoPlist.strings */ = {
			isa = PBXVariantGroup;
			children = (
				658FCF8A1612F57900D2B9D7 /* en */,
			);
			name = InfoPlist.strings;
			sourceTree = "<group>";
		};
		658FCF9B1612F57900D2B9D7 /* ViewController_iPhone.xib */ = {
			isa = PBXVariantGroup;
			children = (
				658FCF9C1612F57900D2B9D7 /* en */,
			);
			name = ViewController_iPhone.xib;
			sourceTree = "<group>";
		};
		658FCF9E1612F57900D2B9D7 /* ViewController_iPad.xib */ = {
			isa = PBXVariantGroup;
			children = (
				658FCF9F1612F57900D2B9D7 /* en */,
			);
			name = ViewController_iPad.xib;
			sourceTree = "<group>";
		};
/* End PBXVariantGroup section */

/* Begin XCBuildConfiguration section */
		658FCFA11612F57900D2B9D7 /* Debug */ = {
			isa = XCBuildConfiguration;
			buildSettings = {
				ALWAYS_SEARCH_USER_PATHS = NO;
				CLANG_CXX_LANGUAGE_STANDARD = "gnu++0x";
				CLANG_CXX_LIBRARY = "libc++";
				CLANG_ENABLE_OBJC_ARC = YES;
				CLANG_WARN_EMPTY_BODY = YES;
				CLANG_WARN__DUPLICATE_METHOD_MATCH = YES;
				"CODE_SIGN_IDENTITY[sdk=iphoneos*]" = "iPhone Developer";
				COPY_PHASE_STRIP = NO;
				GCC_C_LANGUAGE_STANDARD = gnu99;
				GCC_DYNAMIC_NO_PIC = NO;
				GCC_OPTIMIZATION_LEVEL = 0;
				GCC_PREPROCESSOR_DEFINITIONS = (
					"DEBUG=1",
					"$(inherited)",
				);
				GCC_SYMBOLS_PRIVATE_EXTERN = NO;
				GCC_WARN_ABOUT_RETURN_TYPE = YES;
				GCC_WARN_UNINITIALIZED_AUTOS = YES;
				GCC_WARN_UNUSED_VARIABLE = YES;
				IPHONEOS_DEPLOYMENT_TARGET = 6.0;
				SDKROOT = iphoneos;
				TARGETED_DEVICE_FAMILY = "1,2";
			};
			name = Debug;
		};
		658FCFA21612F57900D2B9D7 /* Release */ = {
			isa = XCBuildConfiguration;
			buildSettings = {
				ALWAYS_SEARCH_USER_PATHS = NO;
				CLANG_CXX_LANGUAGE_STANDARD = "gnu++0x";
				CLANG_CXX_LIBRARY = "libc++";
				CLANG_ENABLE_OBJC_ARC = YES;
				CLANG_WARN_EMPTY_BODY = YES;
				CLANG_WARN__DUPLICATE_METHOD_MATCH = YES;
				"CODE_SIGN_IDENTITY[sdk=iphoneos*]" = "iPhone Developer";
				COPY_PHASE_STRIP = YES;
				GCC_C_LANGUAGE_STANDARD = gnu99;
				GCC_WARN_ABOUT_RETURN_TYPE = YES;
				GCC_WARN_UNINITIALIZED_AUTOS = YES;
				GCC_WARN_UNUSED_VARIABLE = YES;
				IPHONEOS_DEPLOYMENT_TARGET = 6.0;
				OTHER_CFLAGS = "-DNS_BLOCK_ASSERTIONS=1";
				SDKROOT = iphoneos;
				TARGETED_DEVICE_FAMILY = "1,2";
				VALIDATE_PRODUCT = YES;
			};
			name = Release;
		};
		658FCFA41612F57900D2B9D7 /* Debug */ = {
			isa = XCBuildConfiguration;
			buildSettings = {
				GCC_PRECOMPILE_PREFIX_HEADER = YES;
				GCC_PREFIX_HEADER = "TestOverlayOnMap/TestOverlayOnMap-Prefix.pch";
				INFOPLIST_FILE = "TestOverlayOnMap/TestOverlayOnMap-Info.plist";
				PRODUCT_NAME = "$(TARGET_NAME)";
				WRAPPER_EXTENSION = app;
			};
			name = Debug;
		};
		658FCFA51612F57900D2B9D7 /* Release */ = {
			isa = XCBuildConfiguration;
			buildSettings = {
				GCC_PRECOMPILE_PREFIX_HEADER = YES;
				GCC_PREFIX_HEADER = "TestOverlayOnMap/TestOverlayOnMap-Prefix.pch";
				INFOPLIST_FILE = "TestOverlayOnMap/TestOverlayOnMap-Info.plist";
				PRODUCT_NAME = "$(TARGET_NAME)";
				WRAPPER_EXTENSION = app;
			};
			name = Release;
		};
/* End XCBuildConfiguration section */

/* Begin XCConfigurationList section */
		658FCF761612F57800D2B9D7 /* Build configuration list for PBXProject "TestOverlayOnMap" */ = {
			isa = XCConfigurationList;
			buildConfigurations = (
				658FCFA11612F57900D2B9D7 /* Debug */,
				658FCFA21612F57900D2B9D7 /* Release */,
			);
			defaultConfigurationIsVisible = 0;
			defaultConfigurationName = Release;
		};
		658FCFA31612F57900D2B9D7 /* Build configuration list for PBXNativeTarget "TestOverlayOnMap" */ = {
			isa = XCConfigurationList;
			buildConfigurations = (
				658FCFA41612F57900D2B9D7 /* Debug */,
				658FCFA51612F57900D2B9D7 /* Release */,
			);
			defaultConfigurationIsVisible = 0;
		};
/* End XCConfigurationList section */
	};
	rootObject = 658FCF731612F57800D2B9D7 /* Project object */;
}
